
Microsoft Visual Studio Solution File, Format Version 12.00
# Visual Studio Version 17
VisualStudioVersion = 17.8.34309.116
MinimumVisualStudioVersion = 10.0.40219.1
Project("{8BC9CEB8-8B4A-11D0-8D11-00A0C91BC942}") = "dmt_cu_v71", "dmt_cu_v71.vcxproj", "{ECE22810-F12B-4AA6-8D7A-5DD0708AB816}"
EndProject
Global
	GlobalSection(SolutionConfigurationPlatforms) = preSolution
		Debug|x64 = Debug|x64
		Release|x64 = Release|x64
	EndGlobalSection
	GlobalSection(ProjectConfigurationPlatforms) = postSolution
		{ECE22810-F12B-4AA6-8D7A-5DD0708AB816}.Debug|x64.ActiveCfg = Debug|x64
		{ECE22810-F12B-4AA6-8D7A-5DD0708AB816}.Debug|x64.Build.0 = Debug|x64
		{ECE22810-F12B-4AA6-8D7A-5DD0708AB816}.Release|x64.ActiveCfg = Release|x64
		{ECE22810-F12B-4AA6-8D7A-5DD0708AB816}.Release|x64.Build.0 = Release|x64
	EndGlobalSection
	GlobalSection(SolutionProperties) = preSolution
		HideSolutionNode = FALSE
	EndGlobalSection
	GlobalSection(ExtensibilityGlobals) = postSolution
		SolutionGuid = {17242867-069C-4463-BF90-79EA6E75B701}
	EndGlobalSection
EndGlobal
