
Microsoft Visual Studio Solution File, Format Version 12.00
# Visual Studio Version 17
VisualStudioVersion = 17.8.34309.116
MinimumVisualStudioVersion = 10.0.40219.1
Project("{8BC9CEB8-8B4A-11D0-8D11-00A0C91BC942}") = "warp1", "warp1.vcxproj", "{B00C39E2-DBF8-4B5A-9FED-3BED54395318}"
EndProject
Global
	GlobalSection(SolutionConfigurationPlatforms) = preSolution
		Debug|x64 = Debug|x64
		Release|x64 = Release|x64
	EndGlobalSection
	GlobalSection(ProjectConfigurationPlatforms) = postSolution
		{B00C39E2-DBF8-4B5A-9FED-3BED54395318}.Debug|x64.ActiveCfg = Debug|x64
		{B00C39E2-DBF8-4B5A-9FED-3BED54395318}.Debug|x64.Build.0 = Debug|x64
		{B00C39E2-DBF8-4B5A-9FED-3BED54395318}.Release|x64.ActiveCfg = Release|x64
		{B00C39E2-DBF8-4B5A-9FED-3BED54395318}.Release|x64.Build.0 = Release|x64
	EndGlobalSection
	GlobalSection(SolutionProperties) = preSolution
		HideSolutionNode = FALSE
	EndGlobalSection
	GlobalSection(ExtensibilityGlobals) = postSolution
		SolutionGuid = {25B74238-7BC7-41F9-B922-E5BB74538764}
	EndGlobalSection
EndGlobal
